
Microsoft Visual Studio Solution File, Format Version 12.00
# Visual Studio Version 17
VisualStudioVersion = 17.5.002.0
MinimumVisualStudioVersion = 10.0.40219.1
Project("{9A19103F-16F7-4668-BE54-9A1E7A4F7556}") = "DotNet", "DotNet.csproj", "{7761BD26-6BD4-439F-8689-60B7F15D97A1}"
EndProject
Global
	GlobalSection(SolutionConfigurationPlatforms) = preSolution
		Debug|Any CPU = Debug|Any CPU
		Release|Any CPU = Release|Any CPU
	EndGlobalSection
	GlobalSection(ProjectConfigurationPlatforms) = postSolution
		{7761BD26-6BD4-439F-8689-60B7F15D97A1}.Debug|Any CPU.ActiveCfg = Debug|Any CPU
		{7761BD26-6BD4-439F-8689-60B7F15D97A1}.Debug|Any CPU.Build.0 = Debug|Any CPU
		{7761BD26-6BD4-439F-8689-60B7F15D97A1}.Release|Any CPU.ActiveCfg = Release|Any CPU
		{7761BD26-6BD4-439F-8689-60B7F15D97A1}.Release|Any CPU.Build.0 = Release|Any CPU
	EndGlobalSection
	GlobalSection(SolutionProperties) = preSolution
		HideSolutionNode = FALSE
	EndGlobalSection
	GlobalSection(ExtensibilityGlobals) = postSolution
		SolutionGuid = {A4B07827-E491-4F2F-9F13-F254FE92BCD0}
	EndGlobalSection
EndGlobal
